
Microsoft Visual Studio Solution File, Format Version 12.00
# Visual Studio Version 17
VisualStudioVersion = 17.8.34408.163
MinimumVisualStudioVersion = 10.0.40219.1
Project("{FAE04EC0-301F-11D3-BF4B-00C04F79EFBC}") = "Bilbassen2.0", "Bilbassen2.0\Bilbassen2.0.csproj", "{0A9DDCCD-6D85-4EDD-8D6F-639AE14405E8}"
EndProject
Project("{FAE04EC0-301F-11D3-BF4B-00C04F79EFBC}") = "Classes", "Classes\Classes.csproj", "{086A8E7F-D080-4E63-AFA3-E44F2ADF62B3}"
EndProject
Global
	GlobalSection(SolutionConfigurationPlatforms) = preSolution
		Debug|Any CPU = Debug|Any CPU
		Release|Any CPU = Release|Any CPU
	EndGlobalSection
	GlobalSection(ProjectConfigurationPlatforms) = postSolution
		{0A9DDCCD-6D85-4EDD-8D6F-639AE14405E8}.Debug|Any CPU.ActiveCfg = Debug|Any CPU
		{0A9DDCCD-6D85-4EDD-8D6F-639AE14405E8}.Debug|Any CPU.Build.0 = Debug|Any CPU
		{0A9DDCCD-6D85-4EDD-8D6F-639AE14405E8}.Release|Any CPU.ActiveCfg = Release|Any CPU
		{0A9DDCCD-6D85-4EDD-8D6F-639AE14405E8}.Release|Any CPU.Build.0 = Release|Any CPU
		{086A8E7F-D080-4E63-AFA3-E44F2ADF62B3}.Debug|Any CPU.ActiveCfg = Debug|Any CPU
		{086A8E7F-D080-4E63-AFA3-E44F2ADF62B3}.Debug|Any CPU.Build.0 = Debug|Any CPU
		{086A8E7F-D080-4E63-AFA3-E44F2ADF62B3}.Release|Any CPU.ActiveCfg = Release|Any CPU
		{086A8E7F-D080-4E63-AFA3-E44F2ADF62B3}.Release|Any CPU.Build.0 = Release|Any CPU
	EndGlobalSection
	GlobalSection(SolutionProperties) = preSolution
		HideSolutionNode = FALSE
	EndGlobalSection
	GlobalSection(ExtensibilityGlobals) = postSolution
		SolutionGuid = {CF001179-E401-4306-8BA0-93FA9C5E69CA}
	EndGlobalSection
EndGlobal
